// !$*UTF8*$!
{
	archiveVersion = 1;
	classes = {
	};
	objectVersion = 50;
	objects = {

/* Begin PBXBuildFile section */
		917186D2244F5BB200DC4DE3 /* AppDelegate.swift in Sources */ = {isa = PBXBuildFile; fileRef = 917186D1244F5BB200DC4DE3 /* AppDelegate.swift */; };
		917186D4244F5BB200DC4DE3 /* SceneDelegate.swift in Sources */ = {isa = PBXBuildFile; fileRef = 917186D3244F5BB200DC4DE3 /* SceneDelegate.swift */; };
		917186D6244F5BB200DC4DE3 /* ContentView.swift in Sources */ = {isa = PBXBuildFile; fileRef = 917186D5244F5BB200DC4DE3 /* ContentView.swift */; };
		917186D8244F5BB400DC4DE3 /* Assets.xcassets in Resources */ = {isa = PBXBuildFile; fileRef = 917186D7244F5BB400DC4DE3 /* Assets.xcassets */; };
		917186DB244F5BB400DC4DE3 /* Preview Assets.xcassets in Resources */ = {isa = PBXBuildFile; fileRef = 917186DA244F5BB400DC4DE3 /* Preview Assets.xcassets */; };
		917186DE244F5BB400DC4DE3 /* LaunchScreen.storyboard in Resources */ = {isa = PBXBuildFile; fileRef = 917186DC244F5BB400DC4DE3 /* LaunchScreen.storyboard */; };
		917186E9244F5BB400DC4DE3 /* calculator_callTests.swift in Sources */ = {isa = PBXBuildFile; fileRef = 917186E8244F5BB400DC4DE3 /* calculator_callTests.swift */; };
		917186F4244F5BB400DC4DE3 /* calculator_callUITests.swift in Sources */ = {isa = PBXBuildFile; fileRef = 917186F3244F5BB400DC4DE3 /* calculator_callUITests.swift */; };
/* End PBXBuildFile section */

/* Begin PBXContainerItemProxy section */
		917186E5244F5BB400DC4DE3 /* PBXContainerItemProxy */ = {
			isa = PBXContainerItemProxy;
			containerPortal = 917186C6244F5BB200DC4DE3 /* Project object */;
			proxyType = 1;
			remoteGlobalIDString = 917186CD244F5BB200DC4DE3;
			remoteInfo = "calculator call";
		};
		917186F0244F5BB400DC4DE3 /* PBXContainerItemProxy */ = {
			isa = PBXContainerItemProxy;
			containerPortal = 917186C6244F5BB200DC4DE3 /* Project object */;
			proxyType = 1;
			remoteGlobalIDString = 917186CD244F5BB200DC4DE3;
			remoteInfo = "calculator call";
		};
/* End PBXContainerItemProxy section */

/* Begin PBXFileReference section */
		917186CE244F5BB200DC4DE3 /* calculator call.app */ = {isa = PBXFileReference; explicitFileType = wrapper.application; includeInIndex = 0; path = "calculator call.app"; sourceTree = BUILT_PRODUCTS_DIR; };
		917186D1244F5BB200DC4DE3 /* AppDelegate.swift */ = {isa = PBXFileReference; lastKnownFileType = sourcecode.swift; path = AppDelegate.swift; sourceTree = "<group>"; };
		917186D3244F5BB200DC4DE3 /* SceneDelegate.swift */ = {isa = PBXFileReference; lastKnownFileType = sourcecode.swift; path = SceneDelegate.swift; sourceTree = "<group>"; };
		917186D5244F5BB200DC4DE3 /* ContentView.swift */ = {isa = PBXFileReference; lastKnownFileType = sourcecode.swift; path = ContentView.swift; sourceTree = "<group>"; };
		917186D7244F5BB400DC4DE3 /* Assets.xcassets */ = {isa = PBXFileReference; lastKnownFileType = folder.assetcatalog; path = Assets.xcassets; sourceTree = "<group>"; };
		917186DA244F5BB400DC4DE3 /* Preview Assets.xcassets */ = {isa = PBXFileReference; lastKnownFileType = folder.assetcatalog; path = "Preview Assets.xcassets"; sourceTree = "<group>"; };
		917186DD244F5BB400DC4DE3 /* Base */ = {isa = PBXFileReference; lastKnownFileType = file.storyboard; name = Base; path = Base.lproj/LaunchScreen.storyboard; sourceTree = "<group>"; };
		917186DF244F5BB400DC4DE3 /* Info.plist */ = {isa = PBXFileReference; lastKnownFileType = text.plist.xml; path = Info.plist; sourceTree = "<group>"; };
		917186E4244F5BB400DC4DE3 /* calculator callTests.xctest */ = {isa = PBXFileReference; explicitFileType = wrapper.cfbundle; includeInIndex = 0; path = "calculator callTests.xctest"; sourceTree = BUILT_PRODUCTS_DIR; };
		917186E8244F5BB400DC4DE3 /* calculator_callTests.swift */ = {isa = PBXFileReference; lastKnownFileType = sourcecode.swift; path = calculator_callTests.swift; sourceTree = "<group>"; };
		917186EA244F5BB400DC4DE3 /* Info.plist */ = {isa = PBXFileReference; lastKnownFileType = text.plist.xml; path = Info.plist; sourceTree = "<group>"; };
		917186EF244F5BB400DC4DE3 /* calculator callUITests.xctest */ = {isa = PBXFileReference; explicitFileType = wrapper.cfbundle; includeInIndex = 0; path = "calculator callUITests.xctest"; sourceTree = BUILT_PRODUCTS_DIR; };
		917186F3244F5BB400DC4DE3 /* calculator_callUITests.swift */ = {isa = PBXFileReference; lastKnownFileType = sourcecode.swift; path = calculator_callUITests.swift; sourceTree = "<group>"; };
		917186F5244F5BB400DC4DE3 /* Info.plist */ = {isa = PBXFileReference; lastKnownFileType = text.plist.xml; path = Info.plist; sourceTree = "<group>"; };
/* End PBXFileReference section */

/* Begin PBXFrameworksBuildPhase section */
		917186CB244F5BB200DC4DE3 /* Frameworks */ = {
			isa = PBXFrameworksBuildPhase;
			buildActionMask = 2147483647;
			files = (
			);
			runOnlyForDeploymentPostprocessing = 0;
		};
		917186E1244F5BB400DC4DE3 /* Frameworks */ = {
			isa = PBXFrameworksBuildPhase;
			buildActionMask = 2147483647;
			files = (
			);
			runOnlyForDeploymentPostprocessing = 0;
		};
		917186EC244F5BB400DC4DE3 /* Frameworks */ = {
			isa = PBXFrameworksBuildPhase;
			buildActionMask = 2147483647;
			files = (
			);
			runOnlyForDeploymentPostprocessing = 0;
		};
/* End PBXFrameworksBuildPhase section */

/* Begin PBXGroup section */
		917186C5244F5BB200DC4DE3 = {
			isa = PBXGroup;
			children = (
				917186D0244F5BB200DC4DE3 /* calculator call */,
				917186E7244F5BB400DC4DE3 /* calculator callTests */,
				917186F2244F5BB400DC4DE3 /* calculator callUITests */,
				917186CF244F5BB200DC4DE3 /* Products */,
			);
			sourceTree = "<group>";
		};
		917186CF244F5BB200DC4DE3 /* Products */ = {
			isa = PBXGroup;
			children = (
				917186CE244F5BB200DC4DE3 /* calculator call.app */,
				917186E4244F5BB400DC4DE3 /* calculator callTests.xctest */,
				917186EF244F5BB400DC4DE3 /* calculator callUITests.xctest */,
			);
			name = Products;
			sourceTree = "<group>";
		};
		917186D0244F5BB200DC4DE3 /* calculator call */ = {
			isa = PBXGroup;
			children = (
				917186D1244F5BB200DC4DE3 /* AppDelegate.swift */,
				917186D3244F5BB200DC4DE3 /* SceneDelegate.swift */,
				917186D5244F5BB200DC4DE3 /* ContentView.swift */,
				917186D7244F5BB400DC4DE3 /* Assets.xcassets */,
				917186DC244F5BB400DC4DE3 /* LaunchScreen.storyboard */,
				917186DF244F5BB400DC4DE3 /* Info.plist */,
				917186D9244F5BB400DC4DE3 /* Preview Content */,
			);
			path = "calculator call";
			sourceTree = "<group>";
		};
		917186D9244F5BB400DC4DE3 /* Preview Content */ = {
			isa = PBXGroup;
			children = (
				917186DA244F5BB400DC4DE3 /* Preview Assets.xcassets */,
			);
			path = "Preview Content";
			sourceTree = "<group>";
		};
		917186E7244F5BB400DC4DE3 /* calculator callTests */ = {
			isa = PBXGroup;
			children = (
				917186E8244F5BB400DC4DE3 /* calculator_callTests.swift */,
				917186EA244F5BB400DC4DE3 /* Info.plist */,
			);
			path = "calculator callTests";
			sourceTree = "<group>";
		};
		917186F2244F5BB400DC4DE3 /* calculator callUITests */ = {
			isa = PBXGroup;
			children = (
				917186F3244F5BB400DC4DE3 /* calculator_callUITests.swift */,
				917186F5244F5BB400DC4DE3 /* Info.plist */,
			);
			path = "calculator callUITests";
			sourceTree = "<group>";
		};
/* End PBXGroup section */

/* Begin PBXNativeTarget section */
		917186CD244F5BB200DC4DE3 /* calculator call */ = {
			isa = PBXNativeTarget;
			buildConfigurationList = 917186F8244F5BB400DC4DE3 /* Build configuration list for PBXNativeTarget "calculator call" */;
			buildPhases = (
				917186CA244F5BB200DC4DE3 /* Sources */,
				917186CB244F5BB200DC4DE3 /* Frameworks */,
				917186CC244F5BB200DC4DE3 /* Resources */,
			);
			buildRules = (
			);
			dependencies = (
			);
			name = "calculator call";
			productName = "calculator call";
			productReference = 917186CE244F5BB200DC4DE3 /* calculator call.app */;
			productType = "com.apple.product-type.application";
		};
		917186E3244F5BB400DC4DE3 /* calculator callTests */ = {
			isa = PBXNativeTarget;
			buildConfigurationList = 917186FB244F5BB400DC4DE3 /* Build configuration list for PBXNativeTarget "calculator callTests" */;
			buildPhases = (
				917186E0244F5BB400DC4DE3 /* Sources */,
				917186E1244F5BB400DC4DE3 /* Frameworks */,
				917186E2244F5BB400DC4DE3 /* Resources */,
			);
			buildRules = (
			);
			dependencies = (
				917186E6244F5BB400DC4DE3 /* PBXTargetDependency */,
			);
			name = "calculator callTests";
			productName = "calculator callTests";
			productReference = 917186E4244F5BB400DC4DE3 /* calculator callTests.xctest */;
			productType = "com.apple.product-type.bundle.unit-test";
		};
		917186EE244F5BB400DC4DE3 /* calculator callUITests */ = {
			isa = PBXNativeTarget;
			buildConfigurationList = 917186FE244F5BB400DC4DE3 /* Build configuration list for PBXNativeTarget "calculator callUITests" */;
			buildPhases = (
				917186EB244F5BB400DC4DE3 /* Sources */,
				917186EC244F5BB400DC4DE3 /* Frameworks */,
				917186ED244F5BB400DC4DE3 /* Resources */,
			);
			buildRules = (
			);
			dependencies = (
				917186F1244F5BB400DC4DE3 /* PBXTargetDependency */,
			);
			name = "calculator callUITests";
			productName = "calculator callUITests";
			productReference = 917186EF244F5BB400DC4DE3 /* calculator callUITests.xctest */;
			productType = "com.apple.product-type.bundle.ui-testing";
		};
/* End PBXNativeTarget section */

/* Begin PBXProject section */
		917186C6244F5BB200DC4DE3 /* Project object */ = {
			isa = PBXProject;
			attributes = {
				LastSwiftUpdateCheck = 1140;
				LastUpgradeCheck = 1140;
				ORGANIZATIONNAME = "Ziyu Gao";
				TargetAttributes = {
					917186CD244F5BB200DC4DE3 = {
						CreatedOnToolsVersion = 11.4;
					};
					917186E3244F5BB400DC4DE3 = {
						CreatedOnToolsVersion = 11.4;
						TestTargetID = 917186CD244F5BB200DC4DE3;
					};
					917186EE244F5BB400DC4DE3 = {
						CreatedOnToolsVersion = 11.4;
						TestTargetID = 917186CD244F5BB200DC4DE3;
					};
				};
			};
			buildConfigurationList = 917186C9244F5BB200DC4DE3 /* Build configuration list for PBXProject "calculator call" */;
			compatibilityVersion = "Xcode 9.3";
			developmentRegion = en;
			hasScannedForEncodings = 0;
			knownRegions = (
				en,
				Base,
			);
			mainGroup = 917186C5244F5BB200DC4DE3;
			productRefGroup = 917186CF244F5BB200DC4DE3 /* Products */;
			projectDirPath = "";
			projectRoot = "";
			targets = (
				917186CD244F5BB200DC4DE3 /* calculator call */,
				917186E3244F5BB400DC4DE3 /* calculator callTests */,
				917186EE244F5BB400DC4DE3 /* calculator callUITests */,
			);
		};
/* End PBXProject section */

/* Begin PBXResourcesBuildPhase section */
		917186CC244F5BB200DC4DE3 /* Resources */ = {
			isa = PBXResourcesBuildPhase;
			buildActionMask = 2147483647;
			files = (
				917186DE244F5BB400DC4DE3 /* LaunchScreen.storyboard in Resources */,
				917186DB244F5BB400DC4DE3 /* Preview Assets.xcassets in Resources */,
				917186D8244F5BB400DC4DE3 /* Assets.xcassets in Resources */,
			);
			runOnlyForDeploymentPostprocessing = 0;
		};
		917186E2244F5BB400DC4DE3 /* Resources */ = {
			isa = PBXResourcesBuildPhase;
			buildActionMask = 2147483647;
			files = (
			);
			runOnlyForDeploymentPostprocessing = 0;
		};
		917186ED244F5BB400DC4DE3 /* Resources */ = {
			isa = PBXResourcesBuildPhase;
			buildActionMask = 2147483647;
			files = (
			);
			runOnlyForDeploymentPostprocessing = 0;
		};
/* End PBXResourcesBuildPhase section */

/* Begin PBXSourcesBuildPhase section */
		917186CA244F5BB200DC4DE3 /* Sources */ = {
			isa = PBXSourcesBuildPhase;
			buildActionMask = 2147483647;
			files = (
				917186D2244F5BB200DC4DE3 /* AppDelegate.swift in Sources */,
				917186D4244F5BB200DC4DE3 /* SceneDelegate.swift in Sources */,
				917186D6244F5BB200DC4DE3 /* ContentView.swift in Sources */,
			);
			runOnlyForDeploymentPostprocessing = 0;
		};
		917186E0244F5BB400DC4DE3 /* Sources */ = {
			isa = PBXSourcesBuildPhase;
			buildActionMask = 2147483647;
			files = (
				917186E9244F5BB400DC4DE3 /* calculator_callTests.swift in Sources */,
			);
			runOnlyForDeploymentPostprocessing = 0;
		};
		917186EB244F5BB400DC4DE3 /* Sources */ = {
			isa = PBXSourcesBuildPhase;
			buildActionMask = 2147483647;
			files = (
				917186F4244F5BB400DC4DE3 /* calculator_callUITests.swift in Sources */,
			);
			runOnlyForDeploymentPostprocessing = 0;
		};
/* End PBXSourcesBuildPhase section */

/* Begin PBXTargetDependency section */
		917186E6244F5BB400DC4DE3 /* PBXTargetDependency */ = {
			isa = PBXTargetDependency;
			target = 917186CD244F5BB200DC4DE3 /* calculator call */;
			targetProxy = 917186E5244F5BB400DC4DE3 /* PBXContainerItemProxy */;
		};
		917186F1244F5BB400DC4DE3 /* PBXTargetDependency */ = {
			isa = PBXTargetDependency;
			target = 917186CD244F5BB200DC4DE3 /* calculator call */;
			targetProxy = 917186F0244F5BB400DC4DE3 /* PBXContainerItemProxy */;
		};
/* End PBXTargetDependency section */

/* Begin PBXVariantGroup section */
		917186DC244F5BB400DC4DE3 /* LaunchScreen.storyboard */ = {
			isa = PBXVariantGroup;
			children = (
				917186DD244F5BB400DC4DE3 /* Base */,
			);
			name = LaunchScreen.storyboard;
			sourceTree = "<group>";
		};
/* End PBXVariantGroup section */

/* Begin XCBuildConfiguration section */
		917186F6244F5BB400DC4DE3 /* Debug */ = {
			isa = XCBuildConfiguration;
			buildSettings = {
				ALWAYS_SEARCH_USER_PATHS = NO;
				CLANG_ANALYZER_NONNULL = YES;
				CLANG_ANALYZER_NUMBER_OBJECT_CONVERSION = YES_AGGRESSIVE;
				CLANG_CXX_LANGUAGE_STANDARD = "gnu++14";
				CLANG_CXX_LIBRARY = "libc++";
				CLANG_ENABLE_MODULES = YES;
				CLANG_ENABLE_OBJC_ARC = YES;
				CLANG_ENABLE_OBJC_WEAK = YES;
				CLANG_WARN_BLOCK_CAPTURE_AUTORELEASING = YES;
				CLANG_WARN_BOOL_CONVERSION = YES;
				CLANG_WARN_COMMA = YES;
				CLANG_WARN_CONSTANT_CONVERSION = YES;
				CLANG_WARN_DEPRECATED_OBJC_IMPLEMENTATIONS = YES;
				CLANG_WARN_DIRECT_OBJC_ISA_USAGE = YES_ERROR;
				CLANG_WARN_DOCUMENTATION_COMMENTS = YES;
				CLANG_WARN_EMPTY_BODY = YES;
				CLANG_WARN_ENUM_CONVERSION = YES;
				CLANG_WARN_INFINITE_RECURSION = YES;
				CLANG_WARN_INT_CONVERSION = YES;
				CLANG_WARN_NON_LITERAL_NULL_CONVERSION = YES;
				CLANG_WARN_OBJC_IMPLICIT_RETAIN_SELF = YES;
				CLANG_WARN_OBJC_LITERAL_CONVERSION = YES;
				CLANG_WARN_OBJC_ROOT_CLASS = YES_ERROR;
				CLANG_WARN_RANGE_LOOP_ANALYSIS = YES;
				CLANG_WARN_STRICT_PROTOTYPES = YES;
				CLANG_WARN_SUSPICIOUS_MOVE = YES;
				CLANG_WARN_UNGUARDED_AVAILABILITY = YES_AGGRESSIVE;
				CLANG_WARN_UNREACHABLE_CODE = YES;
				CLANG_WARN__DUPLICATE_METHOD_MATCH = YES;
				COPY_PHASE_STRIP = NO;
				DEBUG_INFORMATION_FORMAT = dwarf;
				ENABLE_STRICT_OBJC_MSGSEND = YES;
				ENABLE_TESTABILITY = YES;
				GCC_C_LANGUAGE_STANDARD = gnu11;
				GCC_DYNAMIC_NO_PIC = NO;
				GCC_NO_COMMON_BLOCKS = YES;
				GCC_OPTIMIZATION_LEVEL = 0;
				GCC_PREPROCESSOR_DEFINITIONS = (
					"DEBUG=1",
					"$(inherited)",
				);
				GCC_WARN_64_TO_32_BIT_CONVERSION = YES;
				GCC_WARN_ABOUT_RETURN_TYPE = YES_ERROR;
				GCC_WARN_UNDECLARED_SELECTOR = YES;
				GCC_WARN_UNINITIALIZED_AUTOS = YES_AGGRESSIVE;
				GCC_WARN_UNUSED_FUNCTION = YES;
				GCC_WARN_UNUSED_VARIABLE = YES;
				IPHONEOS_DEPLOYMENT_TARGET = 13.4;
				MTL_ENABLE_DEBUG_INFO = INCLUDE_SOURCE;
				MTL_FAST_MATH = YES;
				ONLY_ACTIVE_ARCH = YES;
				SDKROOT = iphoneos;
				SWIFT_ACTIVE_COMPILATION_CONDITIONS = DEBUG;
				SWIFT_OPTIMIZATION_LEVEL = "-Onone";
			};
			name = Debug;
		};
		917186F7244F5BB400DC4DE3 /* Release */ = {
			isa = XCBuildConfiguration;
			buildSettings = {
				ALWAYS_SEARCH_USER_PATHS = NO;
				CLANG_ANALYZER_NONNULL = YES;
				CLANG_ANALYZER_NUMBER_OBJECT_CONVERSION = YES_AGGRESSIVE;
				CLANG_CXX_LANGUAGE_STANDARD = "gnu++14";
				CLANG_CXX_LIBRARY = "libc++";
				CLANG_ENABLE_MODULES = YES;
				CLANG_ENABLE_OBJC_ARC = YES;
				CLANG_ENABLE_OBJC_WEAK = YES;
				CLANG_WARN_BLOCK_CAPTURE_AUTORELEASING = YES;
				CLANG_WARN_BOOL_CONVERSION = YES;
				CLANG_WARN_COMMA = YES;
				CLANG_WARN_CONSTANT_CONVERSION = YES;
				CLANG_WARN_DEPRECATED_OBJC_IMPLEMENTATIONS = YES;
				CLANG_WARN_DIRECT_OBJC_ISA_USAGE = YES_ERROR;
				CLANG_WARN_DOCUMENTATION_COMMENTS = YES;
				CLANG_WARN_EMPTY_BODY = YES;
				CLANG_WARN_ENUM_CONVERSION = YES;
				CLANG_WARN_INFINITE_RECURSION = YES;
				CLANG_WARN_INT_CONVERSION = YES;
				CLANG_WARN_NON_LITERAL_NULL_CONVERSION = YES;
				CLANG_WARN_OBJC_IMPLICIT_RETAIN_SELF = YES;
				CLANG_WARN_OBJC_LITERAL_CONVERSION = YES;
				CLANG_WARN_OBJC_ROOT_CLASS = YES_ERROR;
				CLANG_WARN_RANGE_LOOP_ANALYSIS = YES;
				CLANG_WARN_STRICT_PROTOTYPES = YES;
				CLANG_WARN_SUSPICIOUS_MOVE = YES;
				CLANG_WARN_UNGUARDED_AVAILABILITY = YES_AGGRESSIVE;
				CLANG_WARN_UNREACHABLE_CODE = YES;
				CLANG_WARN__DUPLICATE_METHOD_MATCH = YES;
				COPY_PHASE_STRIP = NO;
				DEBUG_INFORMATION_FORMAT = "dwarf-with-dsym";
				ENABLE_NS_ASSERTIONS = NO;
				ENABLE_STRICT_OBJC_MSGSEND = YES;
				GCC_C_LANGUAGE_STANDARD = gnu11;
				GCC_NO_COMMON_BLOCKS = YES;
				GCC_WARN_64_TO_32_BIT_CONVERSION = YES;
				GCC_WARN_ABOUT_RETURN_TYPE = YES_ERROR;
				GCC_WARN_UNDECLARED_SELECTOR = YES;
				GCC_WARN_UNINITIALIZED_AUTOS = YES_AGGRESSIVE;
				GCC_WARN_UNUSED_FUNCTION = YES;
				GCC_WARN_UNUSED_VARIABLE = YES;
				IPHONEOS_DEPLOYMENT_TARGET = 13.4;
				MTL_ENABLE_DEBUG_INFO = NO;
				MTL_FAST_MATH = YES;
				SDKROOT = iphoneos;
				SWIFT_COMPILATION_MODE = wholemodule;
				SWIFT_OPTIMIZATION_LEVEL = "-O";
				VALIDATE_PRODUCT = YES;
			};
			name = Release;
		};
		917186F9244F5BB400DC4DE3 /* Debug */ = {
			isa = XCBuildConfiguration;
			buildSettings = {
				ASSETCATALOG_COMPILER_APPICON_NAME = AppIcon;
				CODE_SIGN_STYLE = Automatic;
				DEVELOPMENT_ASSET_PATHS = "\"calculator call/Preview Content\"";
				DEVELOPMENT_TEAM = KS498KG234;
				ENABLE_PREVIEWS = YES;
				INFOPLIST_FILE = "calculator call/Info.plist";
				LD_RUNPATH_SEARCH_PATHS = (
					"$(inherited)",
					"@executable_path/Frameworks",
				);
				PRODUCT_BUNDLE_IDENTIFIER = "Ziyu.calculator-call";
				PRODUCT_NAME = "$(TARGET_NAME)";
				SWIFT_VERSION = 5.0;
				TARGETED_DEVICE_FAMILY = "1,2";
			};
			name = Debug;
		};
		917186FA244F5BB400DC4DE3 /* Release */ = {
			isa = XCBuildConfiguration;
			buildSettings = {
				ASSETCATALOG_COMPILER_APPICON_NAME = AppIcon;
				CODE_SIGN_STYLE = Automatic;
				DEVELOPMENT_ASSET_PATHS = "\"calculator call/Preview Content\"";
				DEVELOPMENT_TEAM = KS498KG234;
				ENABLE_PREVIEWS = YES;
				INFOPLIST_FILE = "calculator call/Info.plist";
				LD_RUNPATH_SEARCH_PATHS = (
					"$(inherited)",
					"@executable_path/Frameworks",
				);
				PRODUCT_BUNDLE_IDENTIFIER = "Ziyu.calculator-call";
				PRODUCT_NAME = "$(TARGET_NAME)";
				SWIFT_VERSION = 5.0;
				TARGETED_DEVICE_FAMILY = "1,2";
			};
			name = Release;
		};
		917186FC244F5BB400DC4DE3 /* Debug */ = {
			isa = XCBuildConfiguration;
			buildSettings = {
				ALWAYS_EMBED_SWIFT_STANDARD_LIBRARIES = YES;
				BUNDLE_LOADER = "$(TEST_HOST)";
				CODE_SIGN_STYLE = Automatic;
				DEVELOPMENT_TEAM = KS498KG234;
				INFOPLIST_FILE = "calculator callTests/Info.plist";
				IPHONEOS_DEPLOYMENT_TARGET = 13.4;
				LD_RUNPATH_SEARCH_PATHS = (
					"$(inherited)",
					"@executable_path/Frameworks",
					"@loader_path/Frameworks",
				);
				PRODUCT_BUNDLE_IDENTIFIER = "Ziyu.calculator-callTests";
				PRODUCT_NAME = "$(TARGET_NAME)";
				SWIFT_VERSION = 5.0;
				TARGETED_DEVICE_FAMILY = "1,2";
				TEST_HOST = "$(BUILT_PRODUCTS_DIR)/calculator call.app/calculator call";
			};
			name = Debug;
		};
		917186FD244F5BB400DC4DE3 /* Release */ = {
			isa = XCBuildConfiguration;
			buildSettings = {
				ALWAYS_EMBED_SWIFT_STANDARD_LIBRARIES = YES;
				BUNDLE_LOADER = "$(TEST_HOST)";
				CODE_SIGN_STYLE = Automatic;
				DEVELOPMENT_TEAM = KS498KG234;
				INFOPLIST_FILE = "calculator callTests/Info.plist";
				IPHONEOS_DEPLOYMENT_TARGET = 13.4;
				LD_RUNPATH_SEARCH_PATHS = (
					"$(inherited)",
					"@executable_path/Frameworks",
					"@loader_path/Frameworks",
				);
				PRODUCT_BUNDLE_IDENTIFIER = "Ziyu.calculator-callTests";
				PRODUCT_NAME = "$(TARGET_NAME)";
				SWIFT_VERSION = 5.0;
				TARGETED_DEVICE_FAMILY = "1,2";
				TEST_HOST = "$(BUILT_PRODUCTS_DIR)/calculator call.app/calculator call";
			};
			name = Release;
		};
		917186FF244F5BB400DC4DE3 /* Debug */ = {
			isa = XCBuildConfiguration;
			buildSettings = {
				ALWAYS_EMBED_SWIFT_STANDARD_LIBRARIES = YES;
				CODE_SIGN_STYLE = Automatic;
				DEVELOPMENT_TEAM = KS498KG234;
				INFOPLIST_FILE = "calculator callUITests/Info.plist";
				LD_RUNPATH_SEARCH_PATHS = (
					"$(inherited)",
					"@executable_path/Frameworks",
					"@loader_path/Frameworks",
				);
				PRODUCT_BUNDLE_IDENTIFIER = "Ziyu.calculator-callUITests";
				PRODUCT_NAME = "$(TARGET_NAME)";
				SWIFT_VERSION = 5.0;
				TARGETED_DEVICE_FAMILY = "1,2";
				TEST_TARGET_NAME = "calculator call";
			};
			name = Debug;
		};
		91718700244F5BB400DC4DE3 /* Release */ = {
			isa = XCBuildConfiguration;
			buildSettings = {
				ALWAYS_EMBED_SWIFT_STANDARD_LIBRARIES = YES;
				CODE_SIGN_STYLE = Automatic;
				DEVELOPMENT_TEAM = KS498KG234;
				INFOPLIST_FILE = "calculator callUITests/Info.plist";
				LD_RUNPATH_SEARCH_PATHS = (
					"$(inherited)",
					"@executable_path/Frameworks",
					"@loader_path/Frameworks",
				);
				PRODUCT_BUNDLE_IDENTIFIER = "Ziyu.calculator-callUITests";
				PRODUCT_NAME = "$(TARGET_NAME)";
				SWIFT_VERSION = 5.0;
				TARGETED_DEVICE_FAMILY = "1,2";
				TEST_TARGET_NAME = "calculator call";
			};
			name = Release;
		};
/* End XCBuildConfiguration section */

/* Begin XCConfigurationList section */
		917186C9244F5BB200DC4DE3 /* Build configuration list for PBXProject "calculator call" */ = {
			isa = XCConfigurationList;
			buildConfigurations = (
				917186F6244F5BB400DC4DE3 /* Debug */,
				917186F7244F5BB400DC4DE3 /* Release */,
			);
			defaultConfigurationIsVisible = 0;
			defaultConfigurationName = Release;
		};
		917186F8244F5BB400DC4DE3 /* Build configuration list for PBXNativeTarget "calculator call" */ = {
			isa = XCConfigurationList;
			buildConfigurations = (
				917186F9244F5BB400DC4DE3 /* Debug */,
				917186FA244F5BB400DC4DE3 /* Release */,
			);
			defaultConfigurationIsVisible = 0;
			defaultConfigurationName = Release;
		};
		917186FB244F5BB400DC4DE3 /* Build configuration list for PBXNativeTarget "calculator callTests" */ = {
			isa = XCConfigurationList;
			buildConfigurations = (
				917186FC244F5BB400DC4DE3 /* Debug */,
				917186FD244F5BB400DC4DE3 /* Release */,
			);
			defaultConfigurationIsVisible = 0;
			defaultConfigurationName = Release;
		};
		917186FE244F5BB400DC4DE3 /* Build configuration list for PBXNativeTarget "calculator callUITests" */ = {
			isa = XCConfigurationList;
			buildConfigurations = (
				917186FF244F5BB400DC4DE3 /* Debug */,
				91718700244F5BB400DC4DE3 /* Release */,
			);
			defaultConfigurationIsVisible = 0;
			defaultConfigurationName = Release;
		};
/* End XCConfigurationList section */
	};
	rootObject = 917186C6244F5BB200DC4DE3 /* Project object */;
}
